{
  "name": "alternate-screen",
  "version": "0.1.0",
  "lockfileVersion": 1,
  "requires": true,
  "dependencies": {
    "coffee-script": {
      "version": "1.7.1",
      "resolved": "https://registry.npmjs.org/coffee-script/-/coffee-script-1.7.1.tgz",
      "integrity": "sha1-YplqhheAx15tUGnROCJyO3NAS/w=",
      "requires": {
        "mkdirp": "0.3.5"
      }
    },
    "jistype": {
      "version": "0.0.3",
      "resolved": "https://registry.npmjs.org/jistype/-/jistype-0.0.3.tgz",
      "integrity": "sha1-ZWD2AR1KNdWsD/Y9nFbqrv/JXzQ=",
      "requires": {
        "coffee-script": "1.7.1"
      }
    },
    "mkdirp": {
      "version": "0.3.5",
      "resolved": "https://registry.npmjs.org/mkdirp/-/mkdirp-0.3.5.tgz",
      "integrity": "sha1-3j5fiWHIjHh+4TaN+EmsRBPsqNc="
    },
    "node-echo": {
      "version": "0.1.1",
      "resolved": "https://registry.npmjs.org/node-echo/-/node-echo-0.1.1.tgz",
      "integrity": "sha1-SeLvGCFPUc2trO4580QAL2doUd4=",
      "requires": {
        "coffee-script": "1.7.1",
        "jistype": "0.0.3",
        "mkdirp": "0.3.5"
      }
    }
  }
}
